{
  "lockfileVersion": 1,
  "configVersion": 0,
  "workspaces": {
    "": {
      "name": "xi-ui",
      "dependencies": {
        "@tauri-apps/api": "^2.11.0",
        "@tauri-apps/plugin-log": "^2.8.0",
        "markdown-it": "^14.2.0",
        "markdown-it-math": "^6.0.0",
        "temml": "^0.13.3",
      },
      "devDependencies": {
        "@types/markdown-it": "^14.1.2",
      },
    },
  },
  "packages": {
    "@tauri-apps/api": ["@tauri-apps/api@2.11.1", "", {}, "sha512-M2FPuYND2m+wh5hfW9ZpSdxMPdEJovPBWwoHJmwUpysTYNHaOkVFN419m/K0LIgjb/7KU2vBgsUepJWugQCvAA=="],

    "@tauri-apps/plugin-log": ["@tauri-apps/plugin-log@2.9.0", "", { "dependencies": { "@tauri-apps/api": "^2.11.0" } }, "sha512-Ql8okrnsguk0eDq1GvRfttFV5KaeW/7vcao6bdbkXCRJ1+2sWE15ZJvJVEKVANrOKy1mRngqC3IFIAP+wP5qSw=="],

    "@types/linkify-it": ["@types/linkify-it@5.0.0", "", {}, "sha512-sVDA58zAw4eWAffKOaQH5/5j3XeayukzDk+ewSsnv3p4yJEZHCCzMDiZM8e0OUrRvmpGZ85jf4yDHkHsgBNr9Q=="],

    "@types/markdown-it": ["@types/markdown-it@14.1.2", "", { "dependencies": { "@types/linkify-it": "^5", "@types/mdurl": "^2" } }, "sha512-promo4eFwuiW+TfGxhi+0x3czqTYJkG8qB17ZUJiVF10Xm7NLVRSLUsfRTU/6h1e24VvRnXCx+hG7li58lkzog=="],

    "@types/mdurl": ["@types/mdurl@2.0.0", "", {}, "sha512-RGdgjQUZba5p6QEFAVx2OGb8rQDL/cPRG7GiedRzMcJ1tYnUANBncjbSB1NRGwbvjcPeikRABz2nshyPk1bhWg=="],

    "argparse": ["argparse@2.0.1", "", {}, "sha512-8+9WqebbFzpX9OR+Wa6O29asIogeRMzcGtAINdpMHHyAg10f05aSFVBbcEqGf/PXw1EjAZ+q2/bEBg3DvurK3Q=="],

    "entities": ["entities@4.5.0", "", {}, "sha512-V0hjH4dGPh9Ao5p0MoRY6BVqtwCjhz6vI5LT8AJ55H+4g9/4vbHx1I54fS0XuclLhDHArPQCiMjDxjaL8fPxhw=="],

    "linkify-it": ["linkify-it@5.0.2", "", { "dependencies": { "uc.micro": "^2.0.0" } }, "sha512-ONTm2jCMAVZjgQa/Fy1kScXsuOoF5NPTsoFBdE1KVIZ2vAh/r9+Bqo+0jINCBYnavTPQZz38QzFTme79ENoN3Q=="],

    "markdown-it": ["markdown-it@14.3.0", "", { "dependencies": { "argparse": "^2.0.1", "entities": "^4.5.0", "linkify-it": "^5.0.2", "mdurl": "^2.0.0", "punycode.js": "^2.3.1", "uc.micro": "^2.1.0" }, "bin": "bin/markdown-it.mjs" }, "sha512-RCEsPjR+sr0x+AuYp601tKTkgFG4YEPLCzHST3cQ/fhlJkqAkz1L2/Qbp1j9qw5SBwQHFBoW8+hoN5xssOF0Tw=="],

    "markdown-it-math": ["markdown-it-math@6.0.0", "", { "optionalDependencies": { "mathup": "^1.0.0", "temml": "^0.13.3" } }, "sha512-lpav2gYPg3C4m4R0Lpuubl0CfLoZnKjnYAuACLu9jBMlnJ+mbbSkzS94qjFDDEcE9eNe8vOZvtJGiiXkG38ClA=="],

    "mathup": ["mathup@1.0.2", "", { "bin": "bin/mathup.js" }, "sha512-E9RCa/Zdr2KG2snIxwz1pmWLcJaq2mKHxM0rhqmeGFM7TDDIyZAd1oWhJEG1M4EsCvO57ygs2OTyhFdKXKh38A=="],

    "mdurl": ["mdurl@2.0.0", "", {}, "sha512-Lf+9+2r+Tdp5wXDXC4PcIBjTDtq4UKjCPMQhKIuzpJNW0b96kVqSwW0bT7FhRSfmAiFYgP+SCRvdrDozfh0U5w=="],

    "punycode.js": ["punycode.js@2.3.1", "", {}, "sha512-uxFIHU0YlHYhDQtV4R9J6a52SLx28BCjT+4ieh7IGbgwVJWO+km431c4yRlREUAsAmt/uMjQUyQHNEPf0M39CA=="],

    "temml": ["temml@0.13.3", "", {}, "sha512-GLNEdf5qBWux3adbOxFus4jlds8nCdEIkkKq99m/4GGTfqnsjlVlK/i371Ux7yYSg/WNmOyAkNT/GJlZoJ0v+w=="],

    "uc.micro": ["uc.micro@2.1.0", "", {}, "sha512-ARDJmphmdvUk6Glw7y9DQ2bFkKBHwQHLi2lsaH6PPmz/Ka9sFOBsBluozhDltWmnv9u/cF6Rt87znRTPV+yp/A=="],
  }
}
